// !$*UTF8*$!
{
	archiveVersion = 1;
	classes = {
	};
	objectVersion = 50;
	objects = {

/* Begin PBXBuildFile section */
		BB63B588212AC282009C9F7B /* AppDelegate.swift in Sources */ = {isa = PBXBuildFile; fileRef = BB63B587212AC282009C9F7B /* AppDelegate.swift */; };
		BB63B58A212AC282009C9F7B /* art.scnassets in Resources */ = {isa = PBXBuildFile; fileRef = BB63B589212AC282009C9F7B /* art.scnassets */; };
		BB63B58C212AC282009C9F7B /* ViewController.swift in Sources */ = {isa = PBXBuildFile; fileRef = BB63B58B212AC282009C9F7B /* ViewController.swift */; };
		BB63B58F212AC282009C9F7B /* Main.storyboard in Resources */ = {isa = PBXBuildFile; fileRef = BB63B58D212AC282009C9F7B /* Main.storyboard */; };
		BB63B591212AC283009C9F7B /* Assets.xcassets in Resources */ = {isa = PBXBuildFile; fileRef = BB63B590212AC283009C9F7B /* Assets.xcassets */; };
		BB63B594212AC283009C9F7B /* LaunchScreen.storyboard in Resources */ = {isa = PBXBuildFile; fileRef = BB63B592212AC283009C9F7B /* LaunchScreen.storyboard */; };
		BBADE5F2212BF712003AD131 /* yuppy-tc-regular.otf in Resources */ = {isa = PBXBuildFile; fileRef = BBADE5F1212BF704003AD131 /* yuppy-tc-regular.otf */; };
		FA8F0128212AC8730034EFB4 /* SplashScreen.swift in Sources */ = {isa = PBXBuildFile; fileRef = FA8F0127212AC8730034EFB4 /* SplashScreen.swift */; };
		FA8F012A212AC9020034EFB4 /* Home.swift in Sources */ = {isa = PBXBuildFile; fileRef = FA8F0129212AC9020034EFB4 /* Home.swift */; };
/* End PBXBuildFile section */

/* Begin PBXFileReference section */
		BB63B584212AC282009C9F7B /* MC3Ver2.app */ = {isa = PBXFileReference; explicitFileType = wrapper.application; includeInIndex = 0; path = MC3Ver2.app; sourceTree = BUILT_PRODUCTS_DIR; };
		BB63B587212AC282009C9F7B /* AppDelegate.swift */ = {isa = PBXFileReference; lastKnownFileType = sourcecode.swift; path = AppDelegate.swift; sourceTree = "<group>"; };
		BB63B589212AC282009C9F7B /* art.scnassets */ = {isa = PBXFileReference; lastKnownFileType = wrapper.scnassets; path = art.scnassets; sourceTree = "<group>"; };
		BB63B58B212AC282009C9F7B /* ViewController.swift */ = {isa = PBXFileReference; lastKnownFileType = sourcecode.swift; path = ViewController.swift; sourceTree = "<group>"; };
		BB63B58E212AC282009C9F7B /* Base */ = {isa = PBXFileReference; lastKnownFileType = file.storyboard; name = Base; path = Base.lproj/Main.storyboard; sourceTree = "<group>"; };
		BB63B590212AC283009C9F7B /* Assets.xcassets */ = {isa = PBXFileReference; lastKnownFileType = folder.assetcatalog; path = Assets.xcassets; sourceTree = "<group>"; };
		BB63B593212AC283009C9F7B /* Base */ = {isa = PBXFileReference; lastKnownFileType = file.storyboard; name = Base; path = Base.lproj/LaunchScreen.storyboard; sourceTree = "<group>"; };
		BB63B595212AC283009C9F7B /* Info.plist */ = {isa = PBXFileReference; lastKnownFileType = text.plist.xml; path = Info.plist; sourceTree = "<group>"; };
		BBADE5F1212BF704003AD131 /* yuppy-tc-regular.otf */ = {isa = PBXFileReference; lastKnownFileType = file; path = "yuppy-tc-regular.otf"; sourceTree = "<group>"; };
		FA8F0127212AC8730034EFB4 /* SplashScreen.swift */ = {isa = PBXFileReference; lastKnownFileType = sourcecode.swift; name = SplashScreen.swift; path = MC3Ver2/Controller/SplashScreen.swift; sourceTree = SOURCE_ROOT; };
		FA8F0129212AC9020034EFB4 /* Home.swift */ = {isa = PBXFileReference; lastKnownFileType = sourcecode.swift; path = Home.swift; sourceTree = "<group>"; };
/* End PBXFileReference section */

/* Begin PBXFrameworksBuildPhase section */
		BB63B581212AC282009C9F7B /* Frameworks */ = {
			isa = PBXFrameworksBuildPhase;
			buildActionMask = 2147483647;
			files = (
			);
			runOnlyForDeploymentPostprocessing = 0;
		};
/* End PBXFrameworksBuildPhase section */

/* Begin PBXGroup section */
		BB63B57B212AC282009C9F7B = {
			isa = PBXGroup;
			children = (
				BB63B586212AC282009C9F7B /* MC3Ver2 */,
				BB63B585212AC282009C9F7B /* Products */,
			);
			sourceTree = "<group>";
		};
		BB63B585212AC282009C9F7B /* Products */ = {
			isa = PBXGroup;
			children = (
				BB63B584212AC282009C9F7B /* MC3Ver2.app */,
			);
			name = Products;
			sourceTree = "<group>";
		};
		BB63B586212AC282009C9F7B /* MC3Ver2 */ = {
			isa = PBXGroup;
			children = (
				BB63B595212AC283009C9F7B /* Info.plist */,
				BBADE5F1212BF704003AD131 /* yuppy-tc-regular.otf */,
				FA8F0126212AC81C0034EFB4 /* Model */,
				FA8F0125212AC8080034EFB4 /* Support */,
				FA8F0124212AC8020034EFB4 /* Controller */,
				FA8F0123212AC7F70034EFB4 /* View */,
				BB63B589212AC282009C9F7B /* art.scnassets */,
			);
			path = MC3Ver2;
			sourceTree = "<group>";
		};
		FA8F0123212AC7F70034EFB4 /* View */ = {
			isa = PBXGroup;
			children = (
				BB63B592212AC283009C9F7B /* LaunchScreen.storyboard */,
				BB63B58D212AC282009C9F7B /* Main.storyboard */,
			);
			path = View;
			sourceTree = "<group>";
		};
		FA8F0124212AC8020034EFB4 /* Controller */ = {
			isa = PBXGroup;
			children = (
				FA8F0127212AC8730034EFB4 /* SplashScreen.swift */,
				FA8F0129212AC9020034EFB4 /* Home.swift */,
				BB63B58B212AC282009C9F7B /* ViewController.swift */,
			);
			path = Controller;
			sourceTree = "<group>";
		};
		FA8F0125212AC8080034EFB4 /* Support */ = {
			isa = PBXGroup;
			children = (
				BB63B590212AC283009C9F7B /* Assets.xcassets */,
				BB63B587212AC282009C9F7B /* AppDelegate.swift */,
			);
			path = Support;
			sourceTree = "<group>";
		};
		FA8F0126212AC81C0034EFB4 /* Model */ = {
			isa = PBXGroup;
			children = (
			);
			path = Model;
			sourceTree = "<group>";
		};
/* End PBXGroup section */

/* Begin PBXNativeTarget section */
		BB63B583212AC282009C9F7B /* MC3Ver2 */ = {
			isa = PBXNativeTarget;
			buildConfigurationList = BB63B598212AC283009C9F7B /* Build configuration list for PBXNativeTarget "MC3Ver2" */;
			buildPhases = (
				BB63B580212AC282009C9F7B /* Sources */,
				BB63B581212AC282009C9F7B /* Frameworks */,
				BB63B582212AC282009C9F7B /* Resources */,
			);
			buildRules = (
			);
			dependencies = (
			);
			name = MC3Ver2;
			productName = MC3Ver2;
			productReference = BB63B584212AC282009C9F7B /* MC3Ver2.app */;
			productType = "com.apple.product-type.application";
		};
/* End PBXNativeTarget section */

/* Begin PBXProject section */
		BB63B57C212AC282009C9F7B /* Project object */ = {
			isa = PBXProject;
			attributes = {
				LastSwiftUpdateCheck = 0940;
				LastUpgradeCheck = 0940;
				ORGANIZATIONNAME = MalasCorp;
				TargetAttributes = {
					BB63B583212AC282009C9F7B = {
						CreatedOnToolsVersion = 9.4.1;
					};
				};
			};
			buildConfigurationList = BB63B57F212AC282009C9F7B /* Build configuration list for PBXProject "MC3Ver2" */;
			compatibilityVersion = "Xcode 9.3";
			developmentRegion = en;
			hasScannedForEncodings = 0;
			knownRegions = (
				en,
				Base,
			);
			mainGroup = BB63B57B212AC282009C9F7B;
			productRefGroup = BB63B585212AC282009C9F7B /* Products */;
			projectDirPath = "";
			projectRoot = "";
			targets = (
				BB63B583212AC282009C9F7B /* MC3Ver2 */,
			);
		};
/* End PBXProject section */

/* Begin PBXResourcesBuildPhase section */
		BB63B582212AC282009C9F7B /* Resources */ = {
			isa = PBXResourcesBuildPhase;
			buildActionMask = 2147483647;
			files = (
				BBADE5F2212BF712003AD131 /* yuppy-tc-regular.otf in Resources */,
				BB63B58A212AC282009C9F7B /* art.scnassets in Resources */,
				BB63B594212AC283009C9F7B /* LaunchScreen.storyboard in Resources */,
				BB63B591212AC283009C9F7B /* Assets.xcassets in Resources */,
				BB63B58F212AC282009C9F7B /* Main.storyboard in Resources */,
			);
			runOnlyForDeploymentPostprocessing = 0;
		};
/* End PBXResourcesBuildPhase section */

/* Begin PBXSourcesBuildPhase section */
		BB63B580212AC282009C9F7B /* Sources */ = {
			isa = PBXSourcesBuildPhase;
			buildActionMask = 2147483647;
			files = (
				FA8F0128212AC8730034EFB4 /* SplashScreen.swift in Sources */,
				BB63B58C212AC282009C9F7B /* ViewController.swift in Sources */,
				FA8F012A212AC9020034EFB4 /* Home.swift in Sources */,
				BB63B588212AC282009C9F7B /* AppDelegate.swift in Sources */,
			);
			runOnlyForDeploymentPostprocessing = 0;
		};
/* End PBXSourcesBuildPhase section */

/* Begin PBXVariantGroup section */
		BB63B58D212AC282009C9F7B /* Main.storyboard */ = {
			isa = PBXVariantGroup;
			children = (
				BB63B58E212AC282009C9F7B /* Base */,
			);
			name = Main.storyboard;
			sourceTree = "<group>";
		};
		BB63B592212AC283009C9F7B /* LaunchScreen.storyboard */ = {
			isa = PBXVariantGroup;
			children = (
				BB63B593212AC283009C9F7B /* Base */,
			);
			name = LaunchScreen.storyboard;
			sourceTree = "<group>";
		};
/* End PBXVariantGroup section */

/* Begin XCBuildConfiguration section */
		BB63B596212AC283009C9F7B /* Debug */ = {
			isa = XCBuildConfiguration;
			buildSettings = {
				ALWAYS_SEARCH_USER_PATHS = NO;
				CLANG_ANALYZER_NONNULL = YES;
				CLANG_ANALYZER_NUMBER_OBJECT_CONVERSION = YES_AGGRESSIVE;
				CLANG_CXX_LANGUAGE_STANDARD = "gnu++14";
				CLANG_CXX_LIBRARY = "libc++";
				CLANG_ENABLE_MODULES = YES;
				CLANG_ENABLE_OBJC_ARC = YES;
				CLANG_ENABLE_OBJC_WEAK = YES;
				CLANG_WARN_BLOCK_CAPTURE_AUTORELEASING = YES;
				CLANG_WARN_BOOL_CONVERSION = YES;
				CLANG_WARN_COMMA = YES;
				CLANG_WARN_CONSTANT_CONVERSION = YES;
				CLANG_WARN_DEPRECATED_OBJC_IMPLEMENTATIONS = YES;
				CLANG_WARN_DIRECT_OBJC_ISA_USAGE = YES_ERROR;
				CLANG_WARN_DOCUMENTATION_COMMENTS = YES;
				CLANG_WARN_EMPTY_BODY = YES;
				CLANG_WARN_ENUM_CONVERSION = YES;
				CLANG_WARN_INFINITE_RECURSION = YES;
				CLANG_WARN_INT_CONVERSION = YES;
				CLANG_WARN_NON_LITERAL_NULL_CONVERSION = YES;
				CLANG_WARN_OBJC_IMPLICIT_RETAIN_SELF = YES;
				CLANG_WARN_OBJC_LITERAL_CONVERSION = YES;
				CLANG_WARN_OBJC_ROOT_CLASS = YES_ERROR;
				CLANG_WARN_RANGE_LOOP_ANALYSIS = YES;
				CLANG_WARN_STRICT_PROTOTYPES = YES;
				CLANG_WARN_SUSPICIOUS_MOVE = YES;
				CLANG_WARN_UNGUARDED_AVAILABILITY = YES_AGGRESSIVE;
				CLANG_WARN_UNREACHABLE_CODE = YES;
				CLANG_WARN__DUPLICATE_METHOD_MATCH = YES;
				CODE_SIGN_IDENTITY = "iPhone Developer";
				COPY_PHASE_STRIP = NO;
				DEBUG_INFORMATION_FORMAT = dwarf;
				ENABLE_STRICT_OBJC_MSGSEND = YES;
				ENABLE_TESTABILITY = YES;
				GCC_C_LANGUAGE_STANDARD = gnu11;
				GCC_DYNAMIC_NO_PIC = NO;
				GCC_NO_COMMON_BLOCKS = YES;
				GCC_OPTIMIZATION_LEVEL = 0;
				GCC_PREPROCESSOR_DEFINITIONS = (
					"DEBUG=1",
					"$(inherited)",
				);
				GCC_WARN_64_TO_32_BIT_CONVERSION = YES;
				GCC_WARN_ABOUT_RETURN_TYPE = YES_ERROR;
				GCC_WARN_UNDECLARED_SELECTOR = YES;
				GCC_WARN_UNINITIALIZED_AUTOS = YES_AGGRESSIVE;
				GCC_WARN_UNUSED_FUNCTION = YES;
				GCC_WARN_UNUSED_VARIABLE = YES;
				IPHONEOS_DEPLOYMENT_TARGET = 11.4;
				MTL_ENABLE_DEBUG_INFO = YES;
				ONLY_ACTIVE_ARCH = YES;
				SDKROOT = iphoneos;
				SWIFT_ACTIVE_COMPILATION_CONDITIONS = DEBUG;
				SWIFT_OPTIMIZATION_LEVEL = "-Onone";
			};
			name = Debug;
		};
		BB63B597212AC283009C9F7B /* Release */ = {
			isa = XCBuildConfiguration;
			buildSettings = {
				ALWAYS_SEARCH_USER_PATHS = NO;
				CLANG_ANALYZER_NONNULL = YES;
				CLANG_ANALYZER_NUMBER_OBJECT_CONVERSION = YES_AGGRESSIVE;
				CLANG_CXX_LANGUAGE_STANDARD = "gnu++14";
				CLANG_CXX_LIBRARY = "libc++";
				CLANG_ENABLE_MODULES = YES;
				CLANG_ENABLE_OBJC_ARC = YES;
				CLANG_ENABLE_OBJC_WEAK = YES;
				CLANG_WARN_BLOCK_CAPTURE_AUTORELEASING = YES;
				CLANG_WARN_BOOL_CONVERSION = YES;
				CLANG_WARN_COMMA = YES;
				CLANG_WARN_CONSTANT_CONVERSION = YES;
				CLANG_WARN_DEPRECATED_OBJC_IMPLEMENTATIONS = YES;
				CLANG_WARN_DIRECT_OBJC_ISA_USAGE = YES_ERROR;
				CLANG_WARN_DOCUMENTATION_COMMENTS = YES;
				CLANG_WARN_EMPTY_BODY = YES;
				CLANG_WARN_ENUM_CONVERSION = YES;
				CLANG_WARN_INFINITE_RECURSION = YES;
				CLANG_WARN_INT_CONVERSION = YES;
				CLANG_WARN_NON_LITERAL_NULL_CONVERSION = YES;
				CLANG_WARN_OBJC_IMPLICIT_RETAIN_SELF = YES;
				CLANG_WARN_OBJC_LITERAL_CONVERSION = YES;
				CLANG_WARN_OBJC_ROOT_CLASS = YES_ERROR;
				CLANG_WARN_RANGE_LOOP_ANALYSIS = YES;
				CLANG_WARN_STRICT_PROTOTYPES = YES;
				CLANG_WARN_SUSPICIOUS_MOVE = YES;
				CLANG_WARN_UNGUARDED_AVAILABILITY = YES_AGGRESSIVE;
				CLANG_WARN_UNREACHABLE_CODE = YES;
				CLANG_WARN__DUPLICATE_METHOD_MATCH = YES;
				CODE_SIGN_IDENTITY = "iPhone Developer";
				COPY_PHASE_STRIP = NO;
				DEBUG_INFORMATION_FORMAT = "dwarf-with-dsym";
				ENABLE_NS_ASSERTIONS = NO;
				ENABLE_STRICT_OBJC_MSGSEND = YES;
				GCC_C_LANGUAGE_STANDARD = gnu11;
				GCC_NO_COMMON_BLOCKS = YES;
				GCC_WARN_64_TO_32_BIT_CONVERSION = YES;
				GCC_WARN_ABOUT_RETURN_TYPE = YES_ERROR;
				GCC_WARN_UNDECLARED_SELECTOR = YES;
				GCC_WARN_UNINITIALIZED_AUTOS = YES_AGGRESSIVE;
				GCC_WARN_UNUSED_FUNCTION = YES;
				GCC_WARN_UNUSED_VARIABLE = YES;
				IPHONEOS_DEPLOYMENT_TARGET = 11.4;
				MTL_ENABLE_DEBUG_INFO = NO;
				SDKROOT = iphoneos;
				SWIFT_COMPILATION_MODE = wholemodule;
				SWIFT_OPTIMIZATION_LEVEL = "-O";
				VALIDATE_PRODUCT = YES;
			};
			name = Release;
		};
		BB63B599212AC283009C9F7B /* Debug */ = {
			isa = XCBuildConfiguration;
			buildSettings = {
				ASSETCATALOG_COMPILER_APPICON_NAME = AppIcon;
				CODE_SIGN_STYLE = Automatic;
				DEVELOPMENT_TEAM = 933M28RU85;
				INFOPLIST_FILE = MC3Ver2/Info.plist;
				LD_RUNPATH_SEARCH_PATHS = (
					"$(inherited)",
					"@executable_path/Frameworks",
				);
				PRODUCT_BUNDLE_IDENTIFIER = com.malascorp.MC3Ver2;
				PRODUCT_NAME = "$(TARGET_NAME)";
				SWIFT_VERSION = 4.0;
				TARGETED_DEVICE_FAMILY = "1,2";
			};
			name = Debug;
		};
		BB63B59A212AC283009C9F7B /* Release */ = {
			isa = XCBuildConfiguration;
			buildSettings = {
				ASSETCATALOG_COMPILER_APPICON_NAME = AppIcon;
				CODE_SIGN_STYLE = Automatic;
				DEVELOPMENT_TEAM = 933M28RU85;
				INFOPLIST_FILE = MC3Ver2/Info.plist;
				LD_RUNPATH_SEARCH_PATHS = (
					"$(inherited)",
					"@executable_path/Frameworks",
				);
				PRODUCT_BUNDLE_IDENTIFIER = com.malascorp.MC3Ver2;
				PRODUCT_NAME = "$(TARGET_NAME)";
				SWIFT_VERSION = 4.0;
				TARGETED_DEVICE_FAMILY = "1,2";
			};
			name = Release;
		};
/* End XCBuildConfiguration section */

/* Begin XCConfigurationList section */
		BB63B57F212AC282009C9F7B /* Build configuration list for PBXProject "MC3Ver2" */ = {
			isa = XCConfigurationList;
			buildConfigurations = (
				BB63B596212AC283009C9F7B /* Debug */,
				BB63B597212AC283009C9F7B /* Release */,
			);
			defaultConfigurationIsVisible = 0;
			defaultConfigurationName = Release;
		};
		BB63B598212AC283009C9F7B /* Build configuration list for PBXNativeTarget "MC3Ver2" */ = {
			isa = XCConfigurationList;
			buildConfigurations = (
				BB63B599212AC283009C9F7B /* Debug */,
				BB63B59A212AC283009C9F7B /* Release */,
			);
			defaultConfigurationIsVisible = 0;
			defaultConfigurationName = Release;
		};
/* End XCConfigurationList section */
	};
	rootObject = BB63B57C212AC282009C9F7B /* Project object */;
}
